
Microsoft Visual Studio Solution File, Format Version 12.00
# Visual Studio Version 16
VisualStudioVersion = 16.0.30517.126
MinimumVisualStudioVersion = 10.0.40219.1
Project("{FAE04EC0-301F-11D3-BF4B-00C04F79EFBC}") = "NumberGuesser", "NumberGuesser\NumberGuesser.csproj", "{FCF57760-13F1-402A-B543-BBB93723C29B}"
EndProject
Global
	GlobalSection(SolutionConfigurationPlatforms) = preSolution
		Debug|Any CPU = Debug|Any CPU
		Release|Any CPU = Release|Any CPU
	EndGlobalSection
	GlobalSection(ProjectConfigurationPlatforms) = postSolution
		{FCF57760-13F1-402A-B543-BBB93723C29B}.Debug|Any CPU.ActiveCfg = Debug|Any CPU
		{FCF57760-13F1-402A-B543-BBB93723C29B}.Debug|Any CPU.Build.0 = Debug|Any CPU
		{FCF57760-13F1-402A-B543-BBB93723C29B}.Release|Any CPU.ActiveCfg = Release|Any CPU
		{FCF57760-13F1-402A-B543-BBB93723C29B}.Release|Any CPU.Build.0 = Release|Any CPU
	EndGlobalSection
	GlobalSection(SolutionProperties) = preSolution
		HideSolutionNode = FALSE
	EndGlobalSection
	GlobalSection(ExtensibilityGlobals) = postSolution
		SolutionGuid = {0727DA84-28AD-436D-A999-8B3E6FD81F87}
	EndGlobalSection
EndGlobal
